
Microsoft Visual Studio Solution File, Format Version 12.00
# Visual Studio Version 17
VisualStudioVersion = 17.4.33205.214
MinimumVisualStudioVersion = 10.0.40219.1
Project("{9A19103F-16F7-4668-BE54-9A1E7A4F7556}") = "Ibay", "Ibay\Ibay.csproj", "{291418DB-78AD-4FBB-B21D-77FDE4E106E1}"
EndProject
Project("{9A19103F-16F7-4668-BE54-9A1E7A4F7556}") = "ClassIbay", "ClassIbai\ClassIbay.csproj", "{05A26ABD-81CE-48F8-B367-E1B90DB36BF6}"
EndProject
Global
	GlobalSection(SolutionConfigurationPlatforms) = preSolution
		Debug|Any CPU = Debug|Any CPU
		Release|Any CPU = Release|Any CPU
	EndGlobalSection
	GlobalSection(ProjectConfigurationPlatforms) = postSolution
		{291418DB-78AD-4FBB-B21D-77FDE4E106E1}.Debug|Any CPU.ActiveCfg = Debug|Any CPU
		{291418DB-78AD-4FBB-B21D-77FDE4E106E1}.Debug|Any CPU.Build.0 = Debug|Any CPU
		{291418DB-78AD-4FBB-B21D-77FDE4E106E1}.Release|Any CPU.ActiveCfg = Release|Any CPU
		{291418DB-78AD-4FBB-B21D-77FDE4E106E1}.Release|Any CPU.Build.0 = Release|Any CPU
		{05A26ABD-81CE-48F8-B367-E1B90DB36BF6}.Debug|Any CPU.ActiveCfg = Debug|Any CPU
		{05A26ABD-81CE-48F8-B367-E1B90DB36BF6}.Debug|Any CPU.Build.0 = Debug|Any CPU
		{05A26ABD-81CE-48F8-B367-E1B90DB36BF6}.Release|Any CPU.ActiveCfg = Release|Any CPU
		{05A26ABD-81CE-48F8-B367-E1B90DB36BF6}.Release|Any CPU.Build.0 = Release|Any CPU
	EndGlobalSection
	GlobalSection(SolutionProperties) = preSolution
		HideSolutionNode = FALSE
	EndGlobalSection
	GlobalSection(ExtensibilityGlobals) = postSolution
		SolutionGuid = {7C649CC3-DD8A-4A93-90F1-306D74F51CEC}
	EndGlobalSection
EndGlobal
